{
  "nodes": {
    "lix-manifest": {
      "flake": false,
      "locked": {
        "narHash": "sha256-WmkitUnTwTCCdq0a08EdUBC/UTo/i4+xwD3mk19NA1Q=",
        "type": "file",
        "url": "https://releases.lix.systems/lix/lix-2.90.0/manifest.nix"
      },
      "original": {
        "type": "file",
        "url": "https://releases.lix.systems/lix/lix-2.90.0/manifest.nix"
      }
    },
    "root": {
      "inputs": {
        "lix-manifest": "lix-manifest"
      }
    }
  },
  "root": "root",
  "version": 7
}
